
Microsoft Visual Studio Solution File, Format Version 12.00
# Visual Studio Version 17
VisualStudioVersion = 17.8.34316.72
MinimumVisualStudioVersion = 10.0.40219.1
Project("{8BC9CEB8-8B4A-11D0-8D11-00A0C91BC942}") = "0603 자구응 실습", "0603 자구응 실습\0603 자구응 실습.vcxproj", "{FBAAAB55-050C-4DEC-8F4E-BDE9B677306B}"
EndProject
Global
	GlobalSection(SolutionConfigurationPlatforms) = preSolution
		Debug|x64 = Debug|x64
		Debug|x86 = Debug|x86
		Release|x64 = Release|x64
		Release|x86 = Release|x86
	EndGlobalSection
	GlobalSection(ProjectConfigurationPlatforms) = postSolution
		{FBAAAB55-050C-4DEC-8F4E-BDE9B677306B}.Debug|x64.ActiveCfg = Debug|x64
		{FBAAAB55-050C-4DEC-8F4E-BDE9B677306B}.Debug|x64.Build.0 = Debug|x64
		{FBAAAB55-050C-4DEC-8F4E-BDE9B677306B}.Debug|x86.ActiveCfg = Debug|Win32
		{FBAAAB55-050C-4DEC-8F4E-BDE9B677306B}.Debug|x86.Build.0 = Debug|Win32
		{FBAAAB55-050C-4DEC-8F4E-BDE9B677306B}.Release|x64.ActiveCfg = Release|x64
		{FBAAAB55-050C-4DEC-8F4E-BDE9B677306B}.Release|x64.Build.0 = Release|x64
		{FBAAAB55-050C-4DEC-8F4E-BDE9B677306B}.Release|x86.ActiveCfg = Release|Win32
		{FBAAAB55-050C-4DEC-8F4E-BDE9B677306B}.Release|x86.Build.0 = Release|Win32
	EndGlobalSection
	GlobalSection(SolutionProperties) = preSolution
		HideSolutionNode = FALSE
	EndGlobalSection
	GlobalSection(ExtensibilityGlobals) = postSolution
		SolutionGuid = {185EAD6F-5B99-482E-93C7-D088AE95BB2F}
	EndGlobalSection
EndGlobal
