
Microsoft Visual Studio Solution File, Format Version 12.00
# Visual Studio Version 17
VisualStudioVersion = 17.8.34316.72
MinimumVisualStudioVersion = 10.0.40219.1
Project("{8BC9CEB8-8B4A-11D0-8D11-00A0C91BC942}") = "연습한다이", "연습한다이\연습한다이.vcxproj", "{BC0098F8-713B-4C6B-8CC2-B9EA10DDC7AE}"
EndProject
Project("{8BC9CEB8-8B4A-11D0-8D11-00A0C91BC942}") = "컴온쏘쏘냐르", "컴온쏘쏘냐르\컴온쏘쏘냐르.vcxproj", "{7467AAF4-9488-4C85-9816-E78523B45335}"
EndProject
Project("{8BC9CEB8-8B4A-11D0-8D11-00A0C91BC942}") = "0618test", "0618test\0618test.vcxproj", "{5EAA99A7-8E31-4D72-A18E-FA7413840E0A}"
EndProject
Global
	GlobalSection(SolutionConfigurationPlatforms) = preSolution
		Debug|x64 = Debug|x64
		Debug|x86 = Debug|x86
		Release|x64 = Release|x64
		Release|x86 = Release|x86
	EndGlobalSection
	GlobalSection(ProjectConfigurationPlatforms) = postSolution
		{BC0098F8-713B-4C6B-8CC2-B9EA10DDC7AE}.Debug|x64.ActiveCfg = Debug|x64
		{BC0098F8-713B-4C6B-8CC2-B9EA10DDC7AE}.Debug|x64.Build.0 = Debug|x64
		{BC0098F8-713B-4C6B-8CC2-B9EA10DDC7AE}.Debug|x86.ActiveCfg = Debug|Win32
		{BC0098F8-713B-4C6B-8CC2-B9EA10DDC7AE}.Debug|x86.Build.0 = Debug|Win32
		{BC0098F8-713B-4C6B-8CC2-B9EA10DDC7AE}.Release|x64.ActiveCfg = Release|x64
		{BC0098F8-713B-4C6B-8CC2-B9EA10DDC7AE}.Release|x64.Build.0 = Release|x64
		{BC0098F8-713B-4C6B-8CC2-B9EA10DDC7AE}.Release|x86.ActiveCfg = Release|Win32
		{BC0098F8-713B-4C6B-8CC2-B9EA10DDC7AE}.Release|x86.Build.0 = Release|Win32
		{7467AAF4-9488-4C85-9816-E78523B45335}.Debug|x64.ActiveCfg = Debug|x64
		{7467AAF4-9488-4C85-9816-E78523B45335}.Debug|x64.Build.0 = Debug|x64
		{7467AAF4-9488-4C85-9816-E78523B45335}.Debug|x86.ActiveCfg = Debug|Win32
		{7467AAF4-9488-4C85-9816-E78523B45335}.Debug|x86.Build.0 = Debug|Win32
		{7467AAF4-9488-4C85-9816-E78523B45335}.Release|x64.ActiveCfg = Release|x64
		{7467AAF4-9488-4C85-9816-E78523B45335}.Release|x64.Build.0 = Release|x64
		{7467AAF4-9488-4C85-9816-E78523B45335}.Release|x86.ActiveCfg = Release|Win32
		{7467AAF4-9488-4C85-9816-E78523B45335}.Release|x86.Build.0 = Release|Win32
		{5EAA99A7-8E31-4D72-A18E-FA7413840E0A}.Debug|x64.ActiveCfg = Debug|x64
		{5EAA99A7-8E31-4D72-A18E-FA7413840E0A}.Debug|x64.Build.0 = Debug|x64
		{5EAA99A7-8E31-4D72-A18E-FA7413840E0A}.Debug|x86.ActiveCfg = Debug|Win32
		{5EAA99A7-8E31-4D72-A18E-FA7413840E0A}.Debug|x86.Build.0 = Debug|Win32
		{5EAA99A7-8E31-4D72-A18E-FA7413840E0A}.Release|x64.ActiveCfg = Release|x64
		{5EAA99A7-8E31-4D72-A18E-FA7413840E0A}.Release|x64.Build.0 = Release|x64
		{5EAA99A7-8E31-4D72-A18E-FA7413840E0A}.Release|x86.ActiveCfg = Release|Win32
		{5EAA99A7-8E31-4D72-A18E-FA7413840E0A}.Release|x86.Build.0 = Release|Win32
	EndGlobalSection
	GlobalSection(SolutionProperties) = preSolution
		HideSolutionNode = FALSE
	EndGlobalSection
	GlobalSection(ExtensibilityGlobals) = postSolution
		SolutionGuid = {8AFF2FA5-3B0A-4C40-AE8F-4A8BF4617ACB}
	EndGlobalSection
EndGlobal
